// !$*UTF8*$!
{
	archiveVersion = 1;
	classes = {
	};
	objectVersion = 55;
	objects = {

/* Begin PBXBuildFile section */
		D02252112806E81E0055EEF0 /* TableViewCell.swift in Sources */ = {isa = PBXBuildFile; fileRef = D02252102806E81E0055EEF0 /* TableViewCell.swift */; };
		D08E1F212804BE25001B4E52 /* AppDelegate.swift in Sources */ = {isa = PBXBuildFile; fileRef = D08E1F202804BE25001B4E52 /* AppDelegate.swift */; };
		D08E1F232804BE25001B4E52 /* SceneDelegate.swift in Sources */ = {isa = PBXBuildFile; fileRef = D08E1F222804BE25001B4E52 /* SceneDelegate.swift */; };
		D08E1F252804BE25001B4E52 /* DetailViewController.swift in Sources */ = {isa = PBXBuildFile; fileRef = D08E1F242804BE25001B4E52 /* DetailViewController.swift */; };
		D08E1F282804BE25001B4E52 /* Main.storyboard in Resources */ = {isa = PBXBuildFile; fileRef = D08E1F262804BE25001B4E52 /* Main.storyboard */; };
		D08E1F2A2804BE26001B4E52 /* Assets.xcassets in Resources */ = {isa = PBXBuildFile; fileRef = D08E1F292804BE26001B4E52 /* Assets.xcassets */; };
		D08E1F2D2804BE26001B4E52 /* LaunchScreen.storyboard in Resources */ = {isa = PBXBuildFile; fileRef = D08E1F2B2804BE26001B4E52 /* LaunchScreen.storyboard */; };
		D08E1F352804BE60001B4E52 /* Brewery.swift in Sources */ = {isa = PBXBuildFile; fileRef = D08E1F342804BE60001B4E52 /* Brewery.swift */; };
		D08E1F3B2804C412001B4E52 /* NetworkManager.swift in Sources */ = {isa = PBXBuildFile; fileRef = D08E1F3A2804C412001B4E52 /* NetworkManager.swift */; };
		D0C083BE2840F48D006A8FD3 /* FavoriteViewController.swift in Sources */ = {isa = PBXBuildFile; fileRef = D0C083BD2840F48D006A8FD3 /* FavoriteViewController.swift */; };
		D0C8CD092805F5B600061505 /* MainTableViewController.swift in Sources */ = {isa = PBXBuildFile; fileRef = D0C8CD082805F5B600061505 /* MainTableViewController.swift */; };
		D0C8CD0B2805FAD500061505 /* MapViewController.swift in Sources */ = {isa = PBXBuildFile; fileRef = D0C8CD0A2805FAD500061505 /* MapViewController.swift */; };
		D0E28B10283FB6D800A2088C /* StorageManager.swift in Sources */ = {isa = PBXBuildFile; fileRef = D0E28B0F283FB6D800A2088C /* StorageManager.swift */; };
/* End PBXBuildFile section */

/* Begin PBXFileReference section */
		D02252102806E81E0055EEF0 /* TableViewCell.swift */ = {isa = PBXFileReference; lastKnownFileType = sourcecode.swift; path = TableViewCell.swift; sourceTree = "<group>"; };
		D08E1F1D2804BE25001B4E52 /* Breweries.app */ = {isa = PBXFileReference; explicitFileType = wrapper.application; includeInIndex = 0; path = Breweries.app; sourceTree = BUILT_PRODUCTS_DIR; };
		D08E1F202804BE25001B4E52 /* AppDelegate.swift */ = {isa = PBXFileReference; lastKnownFileType = sourcecode.swift; path = AppDelegate.swift; sourceTree = "<group>"; };
		D08E1F222804BE25001B4E52 /* SceneDelegate.swift */ = {isa = PBXFileReference; lastKnownFileType = sourcecode.swift; path = SceneDelegate.swift; sourceTree = "<group>"; };
		D08E1F242804BE25001B4E52 /* DetailViewController.swift */ = {isa = PBXFileReference; lastKnownFileType = sourcecode.swift; path = DetailViewController.swift; sourceTree = "<group>"; };
		D08E1F272804BE25001B4E52 /* Base */ = {isa = PBXFileReference; lastKnownFileType = file.storyboard; name = Base; path = Base.lproj/Main.storyboard; sourceTree = "<group>"; };
		D08E1F292804BE26001B4E52 /* Assets.xcassets */ = {isa = PBXFileReference; lastKnownFileType = folder.assetcatalog; path = Assets.xcassets; sourceTree = "<group>"; };
		D08E1F2C2804BE26001B4E52 /* Base */ = {isa = PBXFileReference; lastKnownFileType = file.storyboard; name = Base; path = Base.lproj/LaunchScreen.storyboard; sourceTree = "<group>"; };
		D08E1F2E2804BE26001B4E52 /* Info.plist */ = {isa = PBXFileReference; lastKnownFileType = text.plist.xml; path = Info.plist; sourceTree = "<group>"; };
		D08E1F342804BE60001B4E52 /* Brewery.swift */ = {isa = PBXFileReference; lastKnownFileType = sourcecode.swift; path = Brewery.swift; sourceTree = "<group>"; };
		D08E1F3A2804C412001B4E52 /* NetworkManager.swift */ = {isa = PBXFileReference; lastKnownFileType = sourcecode.swift; path = NetworkManager.swift; sourceTree = "<group>"; };
		D0C083BD2840F48D006A8FD3 /* FavoriteViewController.swift */ = {isa = PBXFileReference; lastKnownFileType = sourcecode.swift; path = FavoriteViewController.swift; sourceTree = "<group>"; };
		D0C8CD082805F5B600061505 /* MainTableViewController.swift */ = {isa = PBXFileReference; lastKnownFileType = sourcecode.swift; path = MainTableViewController.swift; sourceTree = "<group>"; };
		D0C8CD0A2805FAD500061505 /* MapViewController.swift */ = {isa = PBXFileReference; lastKnownFileType = sourcecode.swift; path = MapViewController.swift; sourceTree = "<group>"; };
		D0E28B0F283FB6D800A2088C /* StorageManager.swift */ = {isa = PBXFileReference; lastKnownFileType = sourcecode.swift; path = StorageManager.swift; sourceTree = "<group>"; };
/* End PBXFileReference section */

/* Begin PBXFrameworksBuildPhase section */
		D08E1F1A2804BE25001B4E52 /* Frameworks */ = {
			isa = PBXFrameworksBuildPhase;
			buildActionMask = 2147483647;
			files = (
			);
			runOnlyForDeploymentPostprocessing = 0;
		};
/* End PBXFrameworksBuildPhase section */

/* Begin PBXGroup section */
		D02252122806E8530055EEF0 /* Views */ = {
			isa = PBXGroup;
			children = (
				D02252102806E81E0055EEF0 /* TableViewCell.swift */,
			);
			path = Views;
			sourceTree = "<group>";
		};
		D08E1F142804BE25001B4E52 = {
			isa = PBXGroup;
			children = (
				D08E1F1F2804BE25001B4E52 /* Breweries */,
				D08E1F1E2804BE25001B4E52 /* Products */,
			);
			sourceTree = "<group>";
		};
		D08E1F1E2804BE25001B4E52 /* Products */ = {
			isa = PBXGroup;
			children = (
				D08E1F1D2804BE25001B4E52 /* Breweries.app */,
			);
			name = Products;
			sourceTree = "<group>";
		};
		D08E1F1F2804BE25001B4E52 /* Breweries */ = {
			isa = PBXGroup;
			children = (
				D08E1F362804C3B9001B4E52 /* Models */,
				D0C8CD0E2805FB0A00061505 /* ViewControllers */,
				D02252122806E8530055EEF0 /* Views */,
				D08E1F382804C3E9001B4E52 /* Services */,
				D0C8CD112805FBA200061505 /* SupportingFiles */,
				D0C8CD0F2805FB2100061505 /* Storyboards */,
				D0C8CD102805FB6300061505 /* Sourse */,
				D08E1F2E2804BE26001B4E52 /* Info.plist */,
			);
			path = Breweries;
			sourceTree = "<group>";
		};
		D08E1F362804C3B9001B4E52 /* Models */ = {
			isa = PBXGroup;
			children = (
				D08E1F342804BE60001B4E52 /* Brewery.swift */,
			);
			path = Models;
			sourceTree = "<group>";
		};
		D08E1F382804C3E9001B4E52 /* Services */ = {
			isa = PBXGroup;
			children = (
				D08E1F3A2804C412001B4E52 /* NetworkManager.swift */,
				D0E28B0F283FB6D800A2088C /* StorageManager.swift */,
			);
			path = Services;
			sourceTree = "<group>";
		};
		D0C8CD0E2805FB0A00061505 /* ViewControllers */ = {
			isa = PBXGroup;
			children = (
				D0C8CD082805F5B600061505 /* MainTableViewController.swift */,
				D08E1F242804BE25001B4E52 /* DetailViewController.swift */,
				D0C8CD0A2805FAD500061505 /* MapViewController.swift */,
				D0C083BD2840F48D006A8FD3 /* FavoriteViewController.swift */,
			);
			path = ViewControllers;
			sourceTree = "<group>";
		};
		D0C8CD0F2805FB2100061505 /* Storyboards */ = {
			isa = PBXGroup;
			children = (
				D08E1F262804BE25001B4E52 /* Main.storyboard */,
				D08E1F2B2804BE26001B4E52 /* LaunchScreen.storyboard */,
			);
			path = Storyboards;
			sourceTree = "<group>";
		};
		D0C8CD102805FB6300061505 /* Sourse */ = {
			isa = PBXGroup;
			children = (
				D08E1F292804BE26001B4E52 /* Assets.xcassets */,
			);
			path = Sourse;
			sourceTree = "<group>";
		};
		D0C8CD112805FBA200061505 /* SupportingFiles */ = {
			isa = PBXGroup;
			children = (
				D08E1F202804BE25001B4E52 /* AppDelegate.swift */,
				D08E1F222804BE25001B4E52 /* SceneDelegate.swift */,
			);
			path = SupportingFiles;
			sourceTree = "<group>";
		};
/* End PBXGroup section */

/* Begin PBXNativeTarget section */
		D08E1F1C2804BE25001B4E52 /* Breweries */ = {
			isa = PBXNativeTarget;
			buildConfigurationList = D08E1F312804BE26001B4E52 /* Build configuration list for PBXNativeTarget "Breweries" */;
			buildPhases = (
				D08E1F192804BE25001B4E52 /* Sources */,
				D08E1F1A2804BE25001B4E52 /* Frameworks */,
				D08E1F1B2804BE25001B4E52 /* Resources */,
			);
			buildRules = (
			);
			dependencies = (
			);
			name = Breweries;
			productName = Breweries;
			productReference = D08E1F1D2804BE25001B4E52 /* Breweries.app */;
			productType = "com.apple.product-type.application";
		};
/* End PBXNativeTarget section */

/* Begin PBXProject section */
		D08E1F152804BE25001B4E52 /* Project object */ = {
			isa = PBXProject;
			attributes = {
				BuildIndependentTargetsInParallel = 1;
				LastSwiftUpdateCheck = 1320;
				LastUpgradeCheck = 1320;
				TargetAttributes = {
					D08E1F1C2804BE25001B4E52 = {
						CreatedOnToolsVersion = 13.2.1;
					};
				};
			};
			buildConfigurationList = D08E1F182804BE25001B4E52 /* Build configuration list for PBXProject "Breweries" */;
			compatibilityVersion = "Xcode 13.0";
			developmentRegion = en;
			hasScannedForEncodings = 0;
			knownRegions = (
				en,
				Base,
			);
			mainGroup = D08E1F142804BE25001B4E52;
			productRefGroup = D08E1F1E2804BE25001B4E52 /* Products */;
			projectDirPath = "";
			projectRoot = "";
			targets = (
				D08E1F1C2804BE25001B4E52 /* Breweries */,
			);
		};
/* End PBXProject section */

/* Begin PBXResourcesBuildPhase section */
		D08E1F1B2804BE25001B4E52 /* Resources */ = {
			isa = PBXResourcesBuildPhase;
			buildActionMask = 2147483647;
			files = (
				D08E1F2D2804BE26001B4E52 /* LaunchScreen.storyboard in Resources */,
				D08E1F2A2804BE26001B4E52 /* Assets.xcassets in Resources */,
				D08E1F282804BE25001B4E52 /* Main.storyboard in Resources */,
			);
			runOnlyForDeploymentPostprocessing = 0;
		};
/* End PBXResourcesBuildPhase section */

/* Begin PBXSourcesBuildPhase section */
		D08E1F192804BE25001B4E52 /* Sources */ = {
			isa = PBXSourcesBuildPhase;
			buildActionMask = 2147483647;
			files = (
				D08E1F352804BE60001B4E52 /* Brewery.swift in Sources */,
				D08E1F252804BE25001B4E52 /* DetailViewController.swift in Sources */,
				D02252112806E81E0055EEF0 /* TableViewCell.swift in Sources */,
				D08E1F3B2804C412001B4E52 /* NetworkManager.swift in Sources */,
				D0C083BE2840F48D006A8FD3 /* FavoriteViewController.swift in Sources */,
				D08E1F212804BE25001B4E52 /* AppDelegate.swift in Sources */,
				D0C8CD092805F5B600061505 /* MainTableViewController.swift in Sources */,
				D0E28B10283FB6D800A2088C /* StorageManager.swift in Sources */,
				D08E1F232804BE25001B4E52 /* SceneDelegate.swift in Sources */,
				D0C8CD0B2805FAD500061505 /* MapViewController.swift in Sources */,
			);
			runOnlyForDeploymentPostprocessing = 0;
		};
/* End PBXSourcesBuildPhase section */

/* Begin PBXVariantGroup section */
		D08E1F262804BE25001B4E52 /* Main.storyboard */ = {
			isa = PBXVariantGroup;
			children = (
				D08E1F272804BE25001B4E52 /* Base */,
			);
			name = Main.storyboard;
			sourceTree = "<group>";
		};
		D08E1F2B2804BE26001B4E52 /* LaunchScreen.storyboard */ = {
			isa = PBXVariantGroup;
			children = (
				D08E1F2C2804BE26001B4E52 /* Base */,
			);
			name = LaunchScreen.storyboard;
			sourceTree = "<group>";
		};
/* End PBXVariantGroup section */

/* Begin XCBuildConfiguration section */
		D08E1F2F2804BE26001B4E52 /* Debug */ = {
			isa = XCBuildConfiguration;
			buildSettings = {
				ALWAYS_SEARCH_USER_PATHS = NO;
				CLANG_ANALYZER_NONNULL = YES;
				CLANG_ANALYZER_NUMBER_OBJECT_CONVERSION = YES_AGGRESSIVE;
				CLANG_CXX_LANGUAGE_STANDARD = "gnu++17";
				CLANG_CXX_LIBRARY = "libc++";
				CLANG_ENABLE_MODULES = YES;
				CLANG_ENABLE_OBJC_ARC = YES;
				CLANG_ENABLE_OBJC_WEAK = YES;
				CLANG_WARN_BLOCK_CAPTURE_AUTORELEASING = YES;
				CLANG_WARN_BOOL_CONVERSION = YES;
				CLANG_WARN_COMMA = YES;
				CLANG_WARN_CONSTANT_CONVERSION = YES;
				CLANG_WARN_DEPRECATED_OBJC_IMPLEMENTATIONS = YES;
				CLANG_WARN_DIRECT_OBJC_ISA_USAGE = YES_ERROR;
				CLANG_WARN_DOCUMENTATION_COMMENTS = YES;
				CLANG_WARN_EMPTY_BODY = YES;
				CLANG_WARN_ENUM_CONVERSION = YES;
				CLANG_WARN_INFINITE_RECURSION = YES;
				CLANG_WARN_INT_CONVERSION = YES;
				CLANG_WARN_NON_LITERAL_NULL_CONVERSION = YES;
				CLANG_WARN_OBJC_IMPLICIT_RETAIN_SELF = YES;
				CLANG_WARN_OBJC_LITERAL_CONVERSION = YES;
				CLANG_WARN_OBJC_ROOT_CLASS = YES_ERROR;
				CLANG_WARN_QUOTED_INCLUDE_IN_FRAMEWORK_HEADER = YES;
				CLANG_WARN_RANGE_LOOP_ANALYSIS = YES;
				CLANG_WARN_STRICT_PROTOTYPES = YES;
				CLANG_WARN_SUSPICIOUS_MOVE = YES;
				CLANG_WARN_UNGUARDED_AVAILABILITY = YES_AGGRESSIVE;
				CLANG_WARN_UNREACHABLE_CODE = YES;
				CLANG_WARN__DUPLICATE_METHOD_MATCH = YES;
				COPY_PHASE_STRIP = NO;
				DEBUG_INFORMATION_FORMAT = dwarf;
				ENABLE_STRICT_OBJC_MSGSEND = YES;
				ENABLE_TESTABILITY = YES;
				GCC_C_LANGUAGE_STANDARD = gnu11;
				GCC_DYNAMIC_NO_PIC = NO;
				GCC_NO_COMMON_BLOCKS = YES;
				GCC_OPTIMIZATION_LEVEL = 0;
				GCC_PREPROCESSOR_DEFINITIONS = (
					"DEBUG=1",
					"$(inherited)",
				);
				GCC_WARN_64_TO_32_BIT_CONVERSION = YES;
				GCC_WARN_ABOUT_RETURN_TYPE = YES_ERROR;
				GCC_WARN_UNDECLARED_SELECTOR = YES;
				GCC_WARN_UNINITIALIZED_AUTOS = YES_AGGRESSIVE;
				GCC_WARN_UNUSED_FUNCTION = YES;
				GCC_WARN_UNUSED_VARIABLE = YES;
				IPHONEOS_DEPLOYMENT_TARGET = 15.2;
				MTL_ENABLE_DEBUG_INFO = INCLUDE_SOURCE;
				MTL_FAST_MATH = YES;
				ONLY_ACTIVE_ARCH = YES;
				SDKROOT = iphoneos;
				SWIFT_ACTIVE_COMPILATION_CONDITIONS = DEBUG;
				SWIFT_OPTIMIZATION_LEVEL = "-Onone";
			};
			name = Debug;
		};
		D08E1F302804BE26001B4E52 /* Release */ = {
			isa = XCBuildConfiguration;
			buildSettings = {
				ALWAYS_SEARCH_USER_PATHS = NO;
				CLANG_ANALYZER_NONNULL = YES;
				CLANG_ANALYZER_NUMBER_OBJECT_CONVERSION = YES_AGGRESSIVE;
				CLANG_CXX_LANGUAGE_STANDARD = "gnu++17";
				CLANG_CXX_LIBRARY = "libc++";
				CLANG_ENABLE_MODULES = YES;
				CLANG_ENABLE_OBJC_ARC = YES;
				CLANG_ENABLE_OBJC_WEAK = YES;
				CLANG_WARN_BLOCK_CAPTURE_AUTORELEASING = YES;
				CLANG_WARN_BOOL_CONVERSION = YES;
				CLANG_WARN_COMMA = YES;
				CLANG_WARN_CONSTANT_CONVERSION = YES;
				CLANG_WARN_DEPRECATED_OBJC_IMPLEMENTATIONS = YES;
				CLANG_WARN_DIRECT_OBJC_ISA_USAGE = YES_ERROR;
				CLANG_WARN_DOCUMENTATION_COMMENTS = YES;
				CLANG_WARN_EMPTY_BODY = YES;
				CLANG_WARN_ENUM_CONVERSION = YES;
				CLANG_WARN_INFINITE_RECURSION = YES;
				CLANG_WARN_INT_CONVERSION = YES;
				CLANG_WARN_NON_LITERAL_NULL_CONVERSION = YES;
				CLANG_WARN_OBJC_IMPLICIT_RETAIN_SELF = YES;
				CLANG_WARN_OBJC_LITERAL_CONVERSION = YES;
				CLANG_WARN_OBJC_ROOT_CLASS = YES_ERROR;
				CLANG_WARN_QUOTED_INCLUDE_IN_FRAMEWORK_HEADER = YES;
				CLANG_WARN_RANGE_LOOP_ANALYSIS = YES;
				CLANG_WARN_STRICT_PROTOTYPES = YES;
				CLANG_WARN_SUSPICIOUS_MOVE = YES;
				CLANG_WARN_UNGUARDED_AVAILABILITY = YES_AGGRESSIVE;
				CLANG_WARN_UNREACHABLE_CODE = YES;
				CLANG_WARN__DUPLICATE_METHOD_MATCH = YES;
				COPY_PHASE_STRIP = NO;
				DEBUG_INFORMATION_FORMAT = "dwarf-with-dsym";
				ENABLE_NS_ASSERTIONS = NO;
				ENABLE_STRICT_OBJC_MSGSEND = YES;
				GCC_C_LANGUAGE_STANDARD = gnu11;
				GCC_NO_COMMON_BLOCKS = YES;
				GCC_WARN_64_TO_32_BIT_CONVERSION = YES;
				GCC_WARN_ABOUT_RETURN_TYPE = YES_ERROR;
				GCC_WARN_UNDECLARED_SELECTOR = YES;
				GCC_WARN_UNINITIALIZED_AUTOS = YES_AGGRESSIVE;
				GCC_WARN_UNUSED_FUNCTION = YES;
				GCC_WARN_UNUSED_VARIABLE = YES;
				IPHONEOS_DEPLOYMENT_TARGET = 15.2;
				MTL_ENABLE_DEBUG_INFO = NO;
				MTL_FAST_MATH = YES;
				SDKROOT = iphoneos;
				SWIFT_COMPILATION_MODE = wholemodule;
				SWIFT_OPTIMIZATION_LEVEL = "-O";
				VALIDATE_PRODUCT = YES;
			};
			name = Release;
		};
		D08E1F322804BE26001B4E52 /* Debug */ = {
			isa = XCBuildConfiguration;
			buildSettings = {
				ASSETCATALOG_COMPILER_APPICON_NAME = AppIcon;
				ASSETCATALOG_COMPILER_GLOBAL_ACCENT_COLOR_NAME = AccentColor;
				ASSETCATALOG_COMPILER_INCLUDE_ALL_APPICON_ASSETS = NO;
				CODE_SIGN_STYLE = Automatic;
				CURRENT_PROJECT_VERSION = 1;
				DEVELOPMENT_TEAM = ZPVKFVD8X7;
				GENERATE_INFOPLIST_FILE = YES;
				INFOPLIST_FILE = Breweries/Info.plist;
				INFOPLIST_KEY_UIApplicationSupportsIndirectInputEvents = YES;
				INFOPLIST_KEY_UILaunchStoryboardName = LaunchScreen;
				INFOPLIST_KEY_UIMainStoryboardFile = Main;
				INFOPLIST_KEY_UISupportedInterfaceOrientations_iPad = "UIInterfaceOrientationPortrait UIInterfaceOrientationPortraitUpsideDown UIInterfaceOrientationLandscapeLeft UIInterfaceOrientationLandscapeRight";
				INFOPLIST_KEY_UISupportedInterfaceOrientations_iPhone = "UIInterfaceOrientationPortrait UIInterfaceOrientationLandscapeLeft UIInterfaceOrientationLandscapeRight";
				LD_RUNPATH_SEARCH_PATHS = (
					"$(inherited)",
					"@executable_path/Frameworks",
				);
				MARKETING_VERSION = 1.0;
				PRODUCT_BUNDLE_IDENTIFIER = com.vryabtsev.Breweries;
				PRODUCT_NAME = "$(TARGET_NAME)";
				SWIFT_EMIT_LOC_STRINGS = YES;
				SWIFT_VERSION = 5.0;
				TARGETED_DEVICE_FAMILY = 1;
			};
			name = Debug;
		};
		D08E1F332804BE26001B4E52 /* Release */ = {
			isa = XCBuildConfiguration;
			buildSettings = {
				ASSETCATALOG_COMPILER_APPICON_NAME = AppIcon;
				ASSETCATALOG_COMPILER_GLOBAL_ACCENT_COLOR_NAME = AccentColor;
				ASSETCATALOG_COMPILER_INCLUDE_ALL_APPICON_ASSETS = NO;
				CODE_SIGN_STYLE = Automatic;
				CURRENT_PROJECT_VERSION = 1;
				DEVELOPMENT_TEAM = ZPVKFVD8X7;
				GENERATE_INFOPLIST_FILE = YES;
				INFOPLIST_FILE = Breweries/Info.plist;
				INFOPLIST_KEY_UIApplicationSupportsIndirectInputEvents = YES;
				INFOPLIST_KEY_UILaunchStoryboardName = LaunchScreen;
				INFOPLIST_KEY_UIMainStoryboardFile = Main;
				INFOPLIST_KEY_UISupportedInterfaceOrientations_iPad = "UIInterfaceOrientationPortrait UIInterfaceOrientationPortraitUpsideDown UIInterfaceOrientationLandscapeLeft UIInterfaceOrientationLandscapeRight";
				INFOPLIST_KEY_UISupportedInterfaceOrientations_iPhone = "UIInterfaceOrientationPortrait UIInterfaceOrientationLandscapeLeft UIInterfaceOrientationLandscapeRight";
				LD_RUNPATH_SEARCH_PATHS = (
					"$(inherited)",
					"@executable_path/Frameworks",
				);
				MARKETING_VERSION = 1.0;
				PRODUCT_BUNDLE_IDENTIFIER = com.vryabtsev.Breweries;
				PRODUCT_NAME = "$(TARGET_NAME)";
				SWIFT_EMIT_LOC_STRINGS = YES;
				SWIFT_VERSION = 5.0;
				TARGETED_DEVICE_FAMILY = 1;
			};
			name = Release;
		};
/* End XCBuildConfiguration section */

/* Begin XCConfigurationList section */
		D08E1F182804BE25001B4E52 /* Build configuration list for PBXProject "Breweries" */ = {
			isa = XCConfigurationList;
			buildConfigurations = (
				D08E1F2F2804BE26001B4E52 /* Debug */,
				D08E1F302804BE26001B4E52 /* Release */,
			);
			defaultConfigurationIsVisible = 0;
			defaultConfigurationName = Release;
		};
		D08E1F312804BE26001B4E52 /* Build configuration list for PBXNativeTarget "Breweries" */ = {
			isa = XCConfigurationList;
			buildConfigurations = (
				D08E1F322804BE26001B4E52 /* Debug */,
				D08E1F332804BE26001B4E52 /* Release */,
			);
			defaultConfigurationIsVisible = 0;
			defaultConfigurationName = Release;
		};
/* End XCConfigurationList section */
	};
	rootObject = D08E1F152804BE25001B4E52 /* Project object */;
}
